
Microsoft Visual Studio Solution File, Format Version 12.00
# Visual Studio 15
VisualStudioVersion = 15.0.27004.2010
MinimumVisualStudioVersion = 10.0.40219.1
Project("{FAE04EC0-301F-11D3-BF4B-00C04F79EFBC}") = "02. Rectangle Area", "02. Rectangle Area\02. Rectangle Area.csproj", "{F178C04F-9B1F-49E3-925B-DD7F1E9EC5E8}"
EndProject
Global
	GlobalSection(SolutionConfigurationPlatforms) = preSolution
		Debug|Any CPU = Debug|Any CPU
		Release|Any CPU = Release|Any CPU
	EndGlobalSection
	GlobalSection(ProjectConfigurationPlatforms) = postSolution
		{F178C04F-9B1F-49E3-925B-DD7F1E9EC5E8}.Debug|Any CPU.ActiveCfg = Debug|Any CPU
		{F178C04F-9B1F-49E3-925B-DD7F1E9EC5E8}.Debug|Any CPU.Build.0 = Debug|Any CPU
		{F178C04F-9B1F-49E3-925B-DD7F1E9EC5E8}.Release|Any CPU.ActiveCfg = Release|Any CPU
		{F178C04F-9B1F-49E3-925B-DD7F1E9EC5E8}.Release|Any CPU.Build.0 = Release|Any CPU
	EndGlobalSection
	GlobalSection(SolutionProperties) = preSolution
		HideSolutionNode = FALSE
	EndGlobalSection
	GlobalSection(ExtensibilityGlobals) = postSolution
		SolutionGuid = {BA417236-D166-4D4B-8688-271142E1CAE0}
	EndGlobalSection
EndGlobal
